
Microsoft Visual Studio Solution File, Format Version 12.00
# Visual Studio 15
VisualStudioVersion = 15.0.27703.2035
MinimumVisualStudioVersion = 10.0.40219.1
Project("{FAE04EC0-301F-11D3-BF4B-00C04F79EFBC}") = "Unittests", "Unittests\Unittests.csproj", "{805EBE3E-9ECE-4BB0-B754-9F221402DEFE}"
EndProject
Project("{9A19103F-16F7-4668-BE54-9A1E7A4F7556}") = "FritzBoxSoap", "FritzBoxSoap\FritzBoxSoap.csproj", "{46DE790F-510F-4ACE-804D-03A68F797D20}"
EndProject
Project("{FAE04EC0-301F-11D3-BF4B-00C04F79EFBC}") = "CLI", "CLI\CLI.csproj", "{FC132D09-70F1-490B-A59E-B86476E717EE}"
EndProject
Project("{FAE04EC0-301F-11D3-BF4B-00C04F79EFBC}") = "TaskBarProject", "Sample.Win\TaskBarProject.csproj", "{4EE0B5C1-E49B-4CE8-AD43-75DB00104A00}"
EndProject
Project("{FAE04EC0-301F-11D3-BF4B-00C04F79EFBC}") = "CSDeskband", "CSDeskBand\CSDeskband.csproj", "{37ECDFDD-FA85-4B91-B69F-8B53CB2A23E2}"
EndProject
Project("{FAE04EC0-301F-11D3-BF4B-00C04F79EFBC}") = "CSDeskband.Win", "CSDeskBand.Win\CSDeskband.Win.csproj", "{0B37AA31-CA9C-4B2C-B541-22284FCAD5F2}"
EndProject
Project("{FAE04EC0-301F-11D3-BF4B-00C04F79EFBC}") = "UI", "UI\UI.csproj", "{970641A6-A695-43FD-B1CC-D7111C7538EA}"
EndProject
Global
	GlobalSection(SolutionConfigurationPlatforms) = preSolution
		Debug|Any CPU = Debug|Any CPU
		Debug|x64 = Debug|x64
		Debug|x86 = Debug|x86
		Release|Any CPU = Release|Any CPU
		Release|x64 = Release|x64
		Release|x86 = Release|x86
	EndGlobalSection
	GlobalSection(ProjectConfigurationPlatforms) = postSolution
		{805EBE3E-9ECE-4BB0-B754-9F221402DEFE}.Debug|Any CPU.ActiveCfg = Debug|Any CPU
		{805EBE3E-9ECE-4BB0-B754-9F221402DEFE}.Debug|Any CPU.Build.0 = Debug|Any CPU
		{805EBE3E-9ECE-4BB0-B754-9F221402DEFE}.Debug|x64.ActiveCfg = Debug|Any CPU
		{805EBE3E-9ECE-4BB0-B754-9F221402DEFE}.Debug|x64.Build.0 = Debug|Any CPU
		{805EBE3E-9ECE-4BB0-B754-9F221402DEFE}.Debug|x86.ActiveCfg = Debug|Any CPU
		{805EBE3E-9ECE-4BB0-B754-9F221402DEFE}.Debug|x86.Build.0 = Debug|Any CPU
		{805EBE3E-9ECE-4BB0-B754-9F221402DEFE}.Release|Any CPU.ActiveCfg = Release|Any CPU
		{805EBE3E-9ECE-4BB0-B754-9F221402DEFE}.Release|Any CPU.Build.0 = Release|Any CPU
		{805EBE3E-9ECE-4BB0-B754-9F221402DEFE}.Release|x64.ActiveCfg = Release|Any CPU
		{805EBE3E-9ECE-4BB0-B754-9F221402DEFE}.Release|x64.Build.0 = Release|Any CPU
		{805EBE3E-9ECE-4BB0-B754-9F221402DEFE}.Release|x86.ActiveCfg = Release|Any CPU
		{805EBE3E-9ECE-4BB0-B754-9F221402DEFE}.Release|x86.Build.0 = Release|Any CPU
		{46DE790F-510F-4ACE-804D-03A68F797D20}.Debug|Any CPU.ActiveCfg = Debug|Any CPU
		{46DE790F-510F-4ACE-804D-03A68F797D20}.Debug|Any CPU.Build.0 = Debug|Any CPU
		{46DE790F-510F-4ACE-804D-03A68F797D20}.Debug|x64.ActiveCfg = Debug|Any CPU
		{46DE790F-510F-4ACE-804D-03A68F797D20}.Debug|x64.Build.0 = Debug|Any CPU
		{46DE790F-510F-4ACE-804D-03A68F797D20}.Debug|x86.ActiveCfg = Debug|Any CPU
		{46DE790F-510F-4ACE-804D-03A68F797D20}.Debug|x86.Build.0 = Debug|Any CPU
		{46DE790F-510F-4ACE-804D-03A68F797D20}.Release|Any CPU.ActiveCfg = Release|Any CPU
		{46DE790F-510F-4ACE-804D-03A68F797D20}.Release|Any CPU.Build.0 = Release|Any CPU
		{46DE790F-510F-4ACE-804D-03A68F797D20}.Release|x64.ActiveCfg = Release|Any CPU
		{46DE790F-510F-4ACE-804D-03A68F797D20}.Release|x64.Build.0 = Release|Any CPU
		{46DE790F-510F-4ACE-804D-03A68F797D20}.Release|x86.ActiveCfg = Release|Any CPU
		{46DE790F-510F-4ACE-804D-03A68F797D20}.Release|x86.Build.0 = Release|Any CPU
		{FC132D09-70F1-490B-A59E-B86476E717EE}.Debug|Any CPU.ActiveCfg = Debug|Any CPU
		{FC132D09-70F1-490B-A59E-B86476E717EE}.Debug|Any CPU.Build.0 = Debug|Any CPU
		{FC132D09-70F1-490B-A59E-B86476E717EE}.Debug|x64.ActiveCfg = Debug|Any CPU
		{FC132D09-70F1-490B-A59E-B86476E717EE}.Debug|x64.Build.0 = Debug|Any CPU
		{FC132D09-70F1-490B-A59E-B86476E717EE}.Debug|x86.ActiveCfg = Debug|Any CPU
		{FC132D09-70F1-490B-A59E-B86476E717EE}.Debug|x86.Build.0 = Debug|Any CPU
		{FC132D09-70F1-490B-A59E-B86476E717EE}.Release|Any CPU.ActiveCfg = Release|Any CPU
		{FC132D09-70F1-490B-A59E-B86476E717EE}.Release|Any CPU.Build.0 = Release|Any CPU
		{FC132D09-70F1-490B-A59E-B86476E717EE}.Release|x64.ActiveCfg = Release|Any CPU
		{FC132D09-70F1-490B-A59E-B86476E717EE}.Release|x64.Build.0 = Release|Any CPU
		{FC132D09-70F1-490B-A59E-B86476E717EE}.Release|x86.ActiveCfg = Release|Any CPU
		{FC132D09-70F1-490B-A59E-B86476E717EE}.Release|x86.Build.0 = Release|Any CPU
		{4EE0B5C1-E49B-4CE8-AD43-75DB00104A00}.Debug|Any CPU.ActiveCfg = Debug|Any CPU
		{4EE0B5C1-E49B-4CE8-AD43-75DB00104A00}.Debug|Any CPU.Build.0 = Debug|Any CPU
		{4EE0B5C1-E49B-4CE8-AD43-75DB00104A00}.Debug|x64.ActiveCfg = Debug|Any CPU
		{4EE0B5C1-E49B-4CE8-AD43-75DB00104A00}.Debug|x64.Build.0 = Debug|Any CPU
		{4EE0B5C1-E49B-4CE8-AD43-75DB00104A00}.Debug|x86.ActiveCfg = Debug|Any CPU
		{4EE0B5C1-E49B-4CE8-AD43-75DB00104A00}.Debug|x86.Build.0 = Debug|Any CPU
		{4EE0B5C1-E49B-4CE8-AD43-75DB00104A00}.Release|Any CPU.ActiveCfg = Release|Any CPU
		{4EE0B5C1-E49B-4CE8-AD43-75DB00104A00}.Release|Any CPU.Build.0 = Release|Any CPU
		{4EE0B5C1-E49B-4CE8-AD43-75DB00104A00}.Release|x64.ActiveCfg = Release|Any CPU
		{4EE0B5C1-E49B-4CE8-AD43-75DB00104A00}.Release|x64.Build.0 = Release|Any CPU
		{4EE0B5C1-E49B-4CE8-AD43-75DB00104A00}.Release|x86.ActiveCfg = Release|Any CPU
		{4EE0B5C1-E49B-4CE8-AD43-75DB00104A00}.Release|x86.Build.0 = Release|Any CPU
		{37ECDFDD-FA85-4B91-B69F-8B53CB2A23E2}.Debug|Any CPU.ActiveCfg = Debug|Any CPU
		{37ECDFDD-FA85-4B91-B69F-8B53CB2A23E2}.Debug|Any CPU.Build.0 = Debug|Any CPU
		{37ECDFDD-FA85-4B91-B69F-8B53CB2A23E2}.Debug|x64.ActiveCfg = Debug|x64
		{37ECDFDD-FA85-4B91-B69F-8B53CB2A23E2}.Debug|x64.Build.0 = Debug|x64
		{37ECDFDD-FA85-4B91-B69F-8B53CB2A23E2}.Debug|x86.ActiveCfg = Debug|x86
		{37ECDFDD-FA85-4B91-B69F-8B53CB2A23E2}.Debug|x86.Build.0 = Debug|x86
		{37ECDFDD-FA85-4B91-B69F-8B53CB2A23E2}.Release|Any CPU.ActiveCfg = Release|Any CPU
		{37ECDFDD-FA85-4B91-B69F-8B53CB2A23E2}.Release|Any CPU.Build.0 = Release|Any CPU
		{37ECDFDD-FA85-4B91-B69F-8B53CB2A23E2}.Release|x64.ActiveCfg = Release|x64
		{37ECDFDD-FA85-4B91-B69F-8B53CB2A23E2}.Release|x64.Build.0 = Release|x64
		{37ECDFDD-FA85-4B91-B69F-8B53CB2A23E2}.Release|x86.ActiveCfg = Release|x86
		{37ECDFDD-FA85-4B91-B69F-8B53CB2A23E2}.Release|x86.Build.0 = Release|x86
		{0B37AA31-CA9C-4B2C-B541-22284FCAD5F2}.Debug|Any CPU.ActiveCfg = Debug|Any CPU
		{0B37AA31-CA9C-4B2C-B541-22284FCAD5F2}.Debug|Any CPU.Build.0 = Debug|Any CPU
		{0B37AA31-CA9C-4B2C-B541-22284FCAD5F2}.Debug|x64.ActiveCfg = Debug|Any CPU
		{0B37AA31-CA9C-4B2C-B541-22284FCAD5F2}.Debug|x64.Build.0 = Debug|Any CPU
		{0B37AA31-CA9C-4B2C-B541-22284FCAD5F2}.Debug|x86.ActiveCfg = Debug|Any CPU
		{0B37AA31-CA9C-4B2C-B541-22284FCAD5F2}.Debug|x86.Build.0 = Debug|Any CPU
		{0B37AA31-CA9C-4B2C-B541-22284FCAD5F2}.Release|Any CPU.ActiveCfg = Release|Any CPU
		{0B37AA31-CA9C-4B2C-B541-22284FCAD5F2}.Release|Any CPU.Build.0 = Release|Any CPU
		{0B37AA31-CA9C-4B2C-B541-22284FCAD5F2}.Release|x64.ActiveCfg = Release|Any CPU
		{0B37AA31-CA9C-4B2C-B541-22284FCAD5F2}.Release|x64.Build.0 = Release|Any CPU
		{0B37AA31-CA9C-4B2C-B541-22284FCAD5F2}.Release|x86.ActiveCfg = Release|Any CPU
		{0B37AA31-CA9C-4B2C-B541-22284FCAD5F2}.Release|x86.Build.0 = Release|Any CPU
		{970641A6-A695-43FD-B1CC-D7111C7538EA}.Debug|Any CPU.ActiveCfg = Debug|Any CPU
		{970641A6-A695-43FD-B1CC-D7111C7538EA}.Debug|Any CPU.Build.0 = Debug|Any CPU
		{970641A6-A695-43FD-B1CC-D7111C7538EA}.Debug|x64.ActiveCfg = Debug|Any CPU
		{970641A6-A695-43FD-B1CC-D7111C7538EA}.Debug|x64.Build.0 = Debug|Any CPU
		{970641A6-A695-43FD-B1CC-D7111C7538EA}.Debug|x86.ActiveCfg = Debug|Any CPU
		{970641A6-A695-43FD-B1CC-D7111C7538EA}.Debug|x86.Build.0 = Debug|Any CPU
		{970641A6-A695-43FD-B1CC-D7111C7538EA}.Release|Any CPU.ActiveCfg = Release|Any CPU
		{970641A6-A695-43FD-B1CC-D7111C7538EA}.Release|Any CPU.Build.0 = Release|Any CPU
		{970641A6-A695-43FD-B1CC-D7111C7538EA}.Release|x64.ActiveCfg = Release|Any CPU
		{970641A6-A695-43FD-B1CC-D7111C7538EA}.Release|x64.Build.0 = Release|Any CPU
		{970641A6-A695-43FD-B1CC-D7111C7538EA}.Release|x86.ActiveCfg = Release|Any CPU
		{970641A6-A695-43FD-B1CC-D7111C7538EA}.Release|x86.Build.0 = Release|Any CPU
	EndGlobalSection
	GlobalSection(SolutionProperties) = preSolution
		HideSolutionNode = FALSE
	EndGlobalSection
	GlobalSection(ExtensibilityGlobals) = postSolution
		SolutionGuid = {D6F2B123-88AF-426B-B720-85D4EAEAF62B}
	EndGlobalSection
EndGlobal
